
Microsoft Visual Studio Solution File, Format Version 12.00
# Visual Studio Version 16
VisualStudioVersion = 16.0.31313.79
MinimumVisualStudioVersion = 10.0.40219.1
Project("{FAE04EC0-301F-11D3-BF4B-00C04F79EFBC}") = "VaccineChallenge", "VaccineChallenge\VaccineChallenge.csproj", "{1D837856-5ACA-4513-86B7-E244782F4718}"
EndProject
Project("{FAE04EC0-301F-11D3-BF4B-00C04F79EFBC}") = "VaccineChallengeTests", "VaccineChallengeTests\VaccineChallengeTests.csproj", "{24243DCA-DD30-4FA0-AB0B-0C7FD25CC52E}"
EndProject
Global
	GlobalSection(SolutionConfigurationPlatforms) = preSolution
		Debug|Any CPU = Debug|Any CPU
		Release|Any CPU = Release|Any CPU
	EndGlobalSection
	GlobalSection(ProjectConfigurationPlatforms) = postSolution
		{1D837856-5ACA-4513-86B7-E244782F4718}.Debug|Any CPU.ActiveCfg = Debug|Any CPU
		{1D837856-5ACA-4513-86B7-E244782F4718}.Debug|Any CPU.Build.0 = Debug|Any CPU
		{1D837856-5ACA-4513-86B7-E244782F4718}.Release|Any CPU.ActiveCfg = Release|Any CPU
		{1D837856-5ACA-4513-86B7-E244782F4718}.Release|Any CPU.Build.0 = Release|Any CPU
		{24243DCA-DD30-4FA0-AB0B-0C7FD25CC52E}.Debug|Any CPU.ActiveCfg = Debug|Any CPU
		{24243DCA-DD30-4FA0-AB0B-0C7FD25CC52E}.Debug|Any CPU.Build.0 = Debug|Any CPU
		{24243DCA-DD30-4FA0-AB0B-0C7FD25CC52E}.Release|Any CPU.ActiveCfg = Release|Any CPU
		{24243DCA-DD30-4FA0-AB0B-0C7FD25CC52E}.Release|Any CPU.Build.0 = Release|Any CPU
	EndGlobalSection
	GlobalSection(SolutionProperties) = preSolution
		HideSolutionNode = FALSE
	EndGlobalSection
	GlobalSection(ExtensibilityGlobals) = postSolution
		SolutionGuid = {EFD01849-C597-44B2-A61F-C9826413A7FD}
	EndGlobalSection
EndGlobal
